
Microsoft Visual Studio Solution File, Format Version 12.00
# Visual Studio Version 17
VisualStudioVersion = 17.3.32811.315
MinimumVisualStudioVersion = 10.0.40219.1
Project("{FAE04EC0-301F-11D3-BF4B-00C04F79EFBC}") = "PCM.WEB", "PCM.WEB\PCM.WEB.csproj", "{A5859E0E-3C08-4045-B8DC-B3FB13655B00}"
EndProject
Project("{F184B08F-C81C-45F6-A57F-5ABD9991F28F}") = "PCM.WEB.DAL", "PCM.WEB.DAL\PCM.WEB.DAL.vbproj", "{622BAF3D-AC6D-4BCD-A8AB-9A70A4F29771}"
EndProject
Project("{FAE04EC0-301F-11D3-BF4B-00C04F79EFBC}") = "PCM.WEB.MODELS", "PCM.WEB.MODELS\PCM.WEB.MODELS.csproj", "{EED03281-3A38-43C7-8166-E541B146C791}"
EndProject
Project("{FAE04EC0-301F-11D3-BF4B-00C04F79EFBC}") = "PCM.WEB.API", "PCM.WEB.API\PCM.WEB.API.csproj", "{70FA2AB3-30A7-4A16-8E9E-E0A692F2C367}"
EndProject
Project("{F184B08F-C81C-45F6-A57F-5ABD9991F28F}") = "PCM.TAG.FORM", "PCM.TAG.FORM\PCM.TAG.FORM.vbproj", "{E771AF09-AC85-4F18-B06B-12BF89F08CE8}"
EndProject
Project("{F184B08F-C81C-45F6-A57F-5ABD9991F28F}") = "PCM.EMAIL.LAUDO", "PCM.EMAIL.LAUDO\PCM.EMAIL.LAUDO.vbproj", "{559CF724-179E-4E8C-94F1-2BD9FCE79EA9}"
EndProject
Project("{FAE04EC0-301F-11D3-BF4B-00C04F79EFBC}") = "PCM.ADM.WEB", "PCM.ADM.WEB\PCM.ADM.WEB.csproj", "{23778092-0F45-4FE5-B087-61A83B9F927E}"
EndProject
Project("{9A19103F-16F7-4668-BE54-9A1E7A4F7556}") = "PCM.API", "PCM.API\PCM.API.csproj", "{307A8F62-401B-4F8F-BC5C-E9EEF0946EF0}"
EndProject
Project("{F184B08F-C81C-45F6-A57F-5ABD9991F28F}") = "PCM.SERVICE.MESSAGE", "PCM.SERVICE.MESSAGE\PCM.SERVICE.MESSAGE.vbproj", "{705960AA-4FA8-4094-8AFF-6860F9AC75EE}"
EndProject
Project("{778DAE3C-4631-46EA-AA77-85C1314464D9}") = "PCM.JSON", "PCM.JSON\PCM.JSON.vbproj", "{7FB3D70F-FEAC-4DF8-B80E-0A1B304CB213}"
EndProject
Project("{778DAE3C-4631-46EA-AA77-85C1314464D9}") = "PCM.IMAGE.RESIZE", "PCM.IMAGE.RESIZE\PCM.IMAGE.RESIZE.vbproj", "{68BBA0D7-D3BC-4DDE-8BBE-465993FA351C}"
EndProject
Project("{9A19103F-16F7-4668-BE54-9A1E7A4F7556}") = "PCM.WEB.INTERFACE", "PCM.WEB.INTERFACE\PCM.WEB.INTERFACE.csproj", "{5A6EAA44-F59E-45B9-AFFA-25BE71CB54DE}"
EndProject
Project("{F184B08F-C81C-45F6-A57F-5ABD9991F28F}") = "PCM.SERVICE.LAUDO", "PCM.SERVICE.LAUDO\PCM.SERVICE.LAUDO.vbproj", "{C68889AD-8CA3-4F4C-A381-41123C814A87}"
EndProject
Project("{FAE04EC0-301F-11D3-BF4B-00C04F79EFBC}") = "PCM.WEB.API.TOTVS", "PCM.WEB.API.TOTVS\PCM.WEB.API.TOTVS.csproj", "{DBF9B4D2-4D43-483F-887D-E66B5B1DD06E}"
EndProject
Project("{F184B08F-C81C-45F6-A57F-5ABD9991F28F}") = "PCM.SERVICE", "PCM.SERVICE\PCM.SERVICE.vbproj", "{DE0323F3-C72E-4036-927A-4FAA6C4DCE98}"
EndProject
Project("{F184B08F-C81C-45F6-A57F-5ABD9991F28F}") = "PCM.SERVICE.INTERCITY", "PCM.SERVICE.INTERCITY\PCM.SERVICE.INTERCITY.vbproj", "{BBCF048F-72C6-4E73-8405-C226C39FDAD1}"
EndProject
Project("{FAE04EC0-301F-11D3-BF4B-00C04F79EFBC}") = "PCM.WEB.OS", "PCM.WEB.OS\PCM.WEB.OS.csproj", "{8340C1F6-DAA1-47CA-9E01-6AD186723E70}"
EndProject
Project("{F184B08F-C81C-45F6-A57F-5ABD9991F28F}") = "PCM.SERVICE.TAG", "PCM.SERVICE.TAG\PCM.SERVICE.TAG.vbproj", "{AE676E8E-E7CE-471D-9027-40A71E8DCA53}"
EndProject
Project("{FAE04EC0-301F-11D3-BF4B-00C04F79EFBC}") = "PCM.WEB.OS.MODELS", "PCM.WEB.OS.MODELS\PCM.WEB.OS.MODELS.csproj", "{01491253-460D-4964-ADEB-5FF340241BC4}"
EndProject
Project("{F184B08F-C81C-45F6-A57F-5ABD9991F28F}") = "PCM.WEB.OS.DAL", "PCM.WEB.OS.DAL\PCM.WEB.OS.DAL.vbproj", "{0BFF5AA6-A913-4D13-AC00-942F9D24C9A1}"
EndProject
Project("{FAE04EC0-301F-11D3-BF4B-00C04F79EFBC}") = "PCM.INTERFACE.INTERCITY", "PCM.INTERFACE.INTERCITY\PCM.INTERFACE.INTERCITY.csproj", "{7BD54D3A-D403-40E9-8E3D-ACD7D1AA9FE5}"
EndProject
Project("{2150E333-8FDC-42A3-9474-1A3956D46DE8}") = ".Net Core", ".Net Core", "{02EA681E-C7D8-13C7-8484-4AC65E1B71E8}"
EndProject
Project("{FAE04EC0-301F-11D3-BF4B-00C04F79EFBC}") = "PCM.INTERFACE.MODELS", "PCM.INTERFACE.MODELS\PCM.INTERFACE.MODELS.csproj", "{CFD64B9A-12C7-45B1-A2C7-F7D854A53F22}"
EndProject
Project("{F184B08F-C81C-45F6-A57F-5ABD9991F28F}") = "PCM.INTERFACE.DAL", "PCM.INTERFACE.DAL\PCM.INTERFACE.DAL.vbproj", "{ECC0CEA3-0341-470E-A7F9-135634ADBD5E}"
EndProject
Project("{FAE04EC0-301F-11D3-BF4B-00C04F79EFBC}") = "MESSAGE.SERVICE", "MESSAGE.SERVICE\MESSAGE.SERVICE.csproj", "{11E3E549-B0B0-4829-9038-31AC23935843}"
EndProject
Global
	GlobalSection(SolutionConfigurationPlatforms) = preSolution
		Debug|Any CPU = Debug|Any CPU
		Release|Any CPU = Release|Any CPU
	EndGlobalSection
	GlobalSection(ProjectConfigurationPlatforms) = postSolution
		{A5859E0E-3C08-4045-B8DC-B3FB13655B00}.Debug|Any CPU.ActiveCfg = Debug|Any CPU
		{A5859E0E-3C08-4045-B8DC-B3FB13655B00}.Debug|Any CPU.Build.0 = Debug|Any CPU
		{A5859E0E-3C08-4045-B8DC-B3FB13655B00}.Release|Any CPU.ActiveCfg = Release|Any CPU
		{A5859E0E-3C08-4045-B8DC-B3FB13655B00}.Release|Any CPU.Build.0 = Release|Any CPU
		{622BAF3D-AC6D-4BCD-A8AB-9A70A4F29771}.Debug|Any CPU.ActiveCfg = Debug|Any CPU
		{622BAF3D-AC6D-4BCD-A8AB-9A70A4F29771}.Debug|Any CPU.Build.0 = Debug|Any CPU
		{622BAF3D-AC6D-4BCD-A8AB-9A70A4F29771}.Release|Any CPU.ActiveCfg = Release|Any CPU
		{622BAF3D-AC6D-4BCD-A8AB-9A70A4F29771}.Release|Any CPU.Build.0 = Release|Any CPU
		{EED03281-3A38-43C7-8166-E541B146C791}.Debug|Any CPU.ActiveCfg = Debug|Any CPU
		{EED03281-3A38-43C7-8166-E541B146C791}.Debug|Any CPU.Build.0 = Debug|Any CPU
		{EED03281-3A38-43C7-8166-E541B146C791}.Release|Any CPU.ActiveCfg = Release|Any CPU
		{EED03281-3A38-43C7-8166-E541B146C791}.Release|Any CPU.Build.0 = Release|Any CPU
		{70FA2AB3-30A7-4A16-8E9E-E0A692F2C367}.Debug|Any CPU.ActiveCfg = Debug|Any CPU
		{70FA2AB3-30A7-4A16-8E9E-E0A692F2C367}.Debug|Any CPU.Build.0 = Debug|Any CPU
		{70FA2AB3-30A7-4A16-8E9E-E0A692F2C367}.Release|Any CPU.ActiveCfg = Release|Any CPU
		{70FA2AB3-30A7-4A16-8E9E-E0A692F2C367}.Release|Any CPU.Build.0 = Release|Any CPU
		{E771AF09-AC85-4F18-B06B-12BF89F08CE8}.Debug|Any CPU.ActiveCfg = Debug|Any CPU
		{E771AF09-AC85-4F18-B06B-12BF89F08CE8}.Debug|Any CPU.Build.0 = Debug|Any CPU
		{E771AF09-AC85-4F18-B06B-12BF89F08CE8}.Release|Any CPU.ActiveCfg = Release|Any CPU
		{E771AF09-AC85-4F18-B06B-12BF89F08CE8}.Release|Any CPU.Build.0 = Release|Any CPU
		{559CF724-179E-4E8C-94F1-2BD9FCE79EA9}.Debug|Any CPU.ActiveCfg = Debug|Any CPU
		{559CF724-179E-4E8C-94F1-2BD9FCE79EA9}.Debug|Any CPU.Build.0 = Debug|Any CPU
		{559CF724-179E-4E8C-94F1-2BD9FCE79EA9}.Release|Any CPU.ActiveCfg = Release|Any CPU
		{559CF724-179E-4E8C-94F1-2BD9FCE79EA9}.Release|Any CPU.Build.0 = Release|Any CPU
		{23778092-0F45-4FE5-B087-61A83B9F927E}.Debug|Any CPU.ActiveCfg = Debug|Any CPU
		{23778092-0F45-4FE5-B087-61A83B9F927E}.Debug|Any CPU.Build.0 = Debug|Any CPU
		{23778092-0F45-4FE5-B087-61A83B9F927E}.Release|Any CPU.ActiveCfg = Release|Any CPU
		{23778092-0F45-4FE5-B087-61A83B9F927E}.Release|Any CPU.Build.0 = Release|Any CPU
		{307A8F62-401B-4F8F-BC5C-E9EEF0946EF0}.Debug|Any CPU.ActiveCfg = Debug|Any CPU
		{307A8F62-401B-4F8F-BC5C-E9EEF0946EF0}.Debug|Any CPU.Build.0 = Debug|Any CPU
		{307A8F62-401B-4F8F-BC5C-E9EEF0946EF0}.Release|Any CPU.ActiveCfg = Release|Any CPU
		{307A8F62-401B-4F8F-BC5C-E9EEF0946EF0}.Release|Any CPU.Build.0 = Release|Any CPU
		{705960AA-4FA8-4094-8AFF-6860F9AC75EE}.Debug|Any CPU.ActiveCfg = Debug|Any CPU
		{705960AA-4FA8-4094-8AFF-6860F9AC75EE}.Debug|Any CPU.Build.0 = Debug|Any CPU
		{705960AA-4FA8-4094-8AFF-6860F9AC75EE}.Release|Any CPU.ActiveCfg = Release|Any CPU
		{705960AA-4FA8-4094-8AFF-6860F9AC75EE}.Release|Any CPU.Build.0 = Release|Any CPU
		{7FB3D70F-FEAC-4DF8-B80E-0A1B304CB213}.Debug|Any CPU.ActiveCfg = Debug|Any CPU
		{7FB3D70F-FEAC-4DF8-B80E-0A1B304CB213}.Debug|Any CPU.Build.0 = Debug|Any CPU
		{7FB3D70F-FEAC-4DF8-B80E-0A1B304CB213}.Release|Any CPU.ActiveCfg = Release|Any CPU
		{7FB3D70F-FEAC-4DF8-B80E-0A1B304CB213}.Release|Any CPU.Build.0 = Release|Any CPU
		{68BBA0D7-D3BC-4DDE-8BBE-465993FA351C}.Debug|Any CPU.ActiveCfg = Debug|Any CPU
		{68BBA0D7-D3BC-4DDE-8BBE-465993FA351C}.Debug|Any CPU.Build.0 = Debug|Any CPU
		{68BBA0D7-D3BC-4DDE-8BBE-465993FA351C}.Release|Any CPU.ActiveCfg = Release|Any CPU
		{68BBA0D7-D3BC-4DDE-8BBE-465993FA351C}.Release|Any CPU.Build.0 = Release|Any CPU
		{5A6EAA44-F59E-45B9-AFFA-25BE71CB54DE}.Debug|Any CPU.ActiveCfg = Debug|Any CPU
		{5A6EAA44-F59E-45B9-AFFA-25BE71CB54DE}.Debug|Any CPU.Build.0 = Debug|Any CPU
		{5A6EAA44-F59E-45B9-AFFA-25BE71CB54DE}.Release|Any CPU.ActiveCfg = Release|Any CPU
		{5A6EAA44-F59E-45B9-AFFA-25BE71CB54DE}.Release|Any CPU.Build.0 = Release|Any CPU
		{C68889AD-8CA3-4F4C-A381-41123C814A87}.Debug|Any CPU.ActiveCfg = Debug|Any CPU
		{C68889AD-8CA3-4F4C-A381-41123C814A87}.Debug|Any CPU.Build.0 = Debug|Any CPU
		{C68889AD-8CA3-4F4C-A381-41123C814A87}.Release|Any CPU.ActiveCfg = Release|Any CPU
		{C68889AD-8CA3-4F4C-A381-41123C814A87}.Release|Any CPU.Build.0 = Release|Any CPU
		{DBF9B4D2-4D43-483F-887D-E66B5B1DD06E}.Debug|Any CPU.ActiveCfg = Debug|Any CPU
		{DBF9B4D2-4D43-483F-887D-E66B5B1DD06E}.Debug|Any CPU.Build.0 = Debug|Any CPU
		{DBF9B4D2-4D43-483F-887D-E66B5B1DD06E}.Release|Any CPU.ActiveCfg = Release|Any CPU
		{DBF9B4D2-4D43-483F-887D-E66B5B1DD06E}.Release|Any CPU.Build.0 = Release|Any CPU
		{DE0323F3-C72E-4036-927A-4FAA6C4DCE98}.Debug|Any CPU.ActiveCfg = Debug|Any CPU
		{DE0323F3-C72E-4036-927A-4FAA6C4DCE98}.Debug|Any CPU.Build.0 = Debug|Any CPU
		{DE0323F3-C72E-4036-927A-4FAA6C4DCE98}.Release|Any CPU.ActiveCfg = Release|Any CPU
		{DE0323F3-C72E-4036-927A-4FAA6C4DCE98}.Release|Any CPU.Build.0 = Release|Any CPU
		{BBCF048F-72C6-4E73-8405-C226C39FDAD1}.Debug|Any CPU.ActiveCfg = Debug|Any CPU
		{BBCF048F-72C6-4E73-8405-C226C39FDAD1}.Debug|Any CPU.Build.0 = Debug|Any CPU
		{BBCF048F-72C6-4E73-8405-C226C39FDAD1}.Release|Any CPU.ActiveCfg = Release|Any CPU
		{BBCF048F-72C6-4E73-8405-C226C39FDAD1}.Release|Any CPU.Build.0 = Release|Any CPU
		{8340C1F6-DAA1-47CA-9E01-6AD186723E70}.Debug|Any CPU.ActiveCfg = Debug|Any CPU
		{8340C1F6-DAA1-47CA-9E01-6AD186723E70}.Debug|Any CPU.Build.0 = Debug|Any CPU
		{8340C1F6-DAA1-47CA-9E01-6AD186723E70}.Release|Any CPU.ActiveCfg = Release|Any CPU
		{8340C1F6-DAA1-47CA-9E01-6AD186723E70}.Release|Any CPU.Build.0 = Release|Any CPU
		{AE676E8E-E7CE-471D-9027-40A71E8DCA53}.Debug|Any CPU.ActiveCfg = Debug|Any CPU
		{AE676E8E-E7CE-471D-9027-40A71E8DCA53}.Debug|Any CPU.Build.0 = Debug|Any CPU
		{AE676E8E-E7CE-471D-9027-40A71E8DCA53}.Release|Any CPU.ActiveCfg = Release|Any CPU
		{AE676E8E-E7CE-471D-9027-40A71E8DCA53}.Release|Any CPU.Build.0 = Release|Any CPU
		{01491253-460D-4964-ADEB-5FF340241BC4}.Debug|Any CPU.ActiveCfg = Debug|Any CPU
		{01491253-460D-4964-ADEB-5FF340241BC4}.Debug|Any CPU.Build.0 = Debug|Any CPU
		{01491253-460D-4964-ADEB-5FF340241BC4}.Release|Any CPU.ActiveCfg = Release|Any CPU
		{01491253-460D-4964-ADEB-5FF340241BC4}.Release|Any CPU.Build.0 = Release|Any CPU
		{0BFF5AA6-A913-4D13-AC00-942F9D24C9A1}.Debug|Any CPU.ActiveCfg = Debug|Any CPU
		{0BFF5AA6-A913-4D13-AC00-942F9D24C9A1}.Debug|Any CPU.Build.0 = Debug|Any CPU
		{0BFF5AA6-A913-4D13-AC00-942F9D24C9A1}.Release|Any CPU.ActiveCfg = Release|Any CPU
		{0BFF5AA6-A913-4D13-AC00-942F9D24C9A1}.Release|Any CPU.Build.0 = Release|Any CPU
		{7BD54D3A-D403-40E9-8E3D-ACD7D1AA9FE5}.Debug|Any CPU.ActiveCfg = Debug|Any CPU
		{7BD54D3A-D403-40E9-8E3D-ACD7D1AA9FE5}.Debug|Any CPU.Build.0 = Debug|Any CPU
		{7BD54D3A-D403-40E9-8E3D-ACD7D1AA9FE5}.Release|Any CPU.ActiveCfg = Release|Any CPU
		{7BD54D3A-D403-40E9-8E3D-ACD7D1AA9FE5}.Release|Any CPU.Build.0 = Release|Any CPU
		{CFD64B9A-12C7-45B1-A2C7-F7D854A53F22}.Debug|Any CPU.ActiveCfg = Debug|Any CPU
		{CFD64B9A-12C7-45B1-A2C7-F7D854A53F22}.Debug|Any CPU.Build.0 = Debug|Any CPU
		{CFD64B9A-12C7-45B1-A2C7-F7D854A53F22}.Release|Any CPU.ActiveCfg = Release|Any CPU
		{CFD64B9A-12C7-45B1-A2C7-F7D854A53F22}.Release|Any CPU.Build.0 = Release|Any CPU
		{ECC0CEA3-0341-470E-A7F9-135634ADBD5E}.Debug|Any CPU.ActiveCfg = Debug|Any CPU
		{ECC0CEA3-0341-470E-A7F9-135634ADBD5E}.Debug|Any CPU.Build.0 = Debug|Any CPU
		{ECC0CEA3-0341-470E-A7F9-135634ADBD5E}.Release|Any CPU.ActiveCfg = Release|Any CPU
		{ECC0CEA3-0341-470E-A7F9-135634ADBD5E}.Release|Any CPU.Build.0 = Release|Any CPU
		{11E3E549-B0B0-4829-9038-31AC23935843}.Debug|Any CPU.ActiveCfg = Debug|Any CPU
		{11E3E549-B0B0-4829-9038-31AC23935843}.Debug|Any CPU.Build.0 = Debug|Any CPU
		{11E3E549-B0B0-4829-9038-31AC23935843}.Release|Any CPU.ActiveCfg = Release|Any CPU
		{11E3E549-B0B0-4829-9038-31AC23935843}.Release|Any CPU.Build.0 = Release|Any CPU
	EndGlobalSection
	GlobalSection(SolutionProperties) = preSolution
		HideSolutionNode = FALSE
	EndGlobalSection
	GlobalSection(NestedProjects) = preSolution
		{7BD54D3A-D403-40E9-8E3D-ACD7D1AA9FE5} = {02EA681E-C7D8-13C7-8484-4AC65E1B71E8}
		{CFD64B9A-12C7-45B1-A2C7-F7D854A53F22} = {02EA681E-C7D8-13C7-8484-4AC65E1B71E8}
		{ECC0CEA3-0341-470E-A7F9-135634ADBD5E} = {02EA681E-C7D8-13C7-8484-4AC65E1B71E8}
	EndGlobalSection
	GlobalSection(ExtensibilityGlobals) = postSolution
		SolutionGuid = {819E63E4-A6D6-40EC-AF46-E753C66EA261}
	EndGlobalSection
EndGlobal
